
Microsoft Visual Studio Solution File, Format Version 12.00
# Visual Studio Version 17
VisualStudioVersion = 17.5.33424.131
MinimumVisualStudioVersion = 10.0.40219.1
Project("{FAE04EC0-301F-11D3-BF4B-00C04F79EFBC}") = "MobileDnr.Android", "MobileDnr\MobileDnr.Android\MobileDnr.Android.csproj", "{23204D35-CC09-4EF7-8CFC-F9CBE39C5A53}"
EndProject
Project("{FAE04EC0-301F-11D3-BF4B-00C04F79EFBC}") = "MobileDnr.iOS", "MobileDnr\MobileDnr.iOS\MobileDnr.iOS.csproj", "{068C292C-6105-4FE4-B243-3C923D140681}"
EndProject
Project("{FAE04EC0-301F-11D3-BF4B-00C04F79EFBC}") = "MobileDnr", "MobileDnr\MobileDnr\MobileDnr.csproj", "{A4752C52-FBB2-48B5-B792-2A591B9A74DC}"
EndProject
Global
	GlobalSection(SolutionConfigurationPlatforms) = preSolution
		Debug|Any CPU = Debug|Any CPU
		Debug|iPhone = Debug|iPhone
		Debug|iPhoneSimulator = Debug|iPhoneSimulator
		Release|Any CPU = Release|Any CPU
		Release|iPhone = Release|iPhone
		Release|iPhoneSimulator = Release|iPhoneSimulator
	EndGlobalSection
	GlobalSection(ProjectConfigurationPlatforms) = postSolution
		{23204D35-CC09-4EF7-8CFC-F9CBE39C5A53}.Debug|Any CPU.ActiveCfg = Debug|Any CPU
		{23204D35-CC09-4EF7-8CFC-F9CBE39C5A53}.Debug|Any CPU.Build.0 = Debug|Any CPU
		{23204D35-CC09-4EF7-8CFC-F9CBE39C5A53}.Debug|Any CPU.Deploy.0 = Debug|Any CPU
		{23204D35-CC09-4EF7-8CFC-F9CBE39C5A53}.Debug|iPhone.ActiveCfg = Debug|Any CPU
		{23204D35-CC09-4EF7-8CFC-F9CBE39C5A53}.Debug|iPhone.Build.0 = Debug|Any CPU
		{23204D35-CC09-4EF7-8CFC-F9CBE39C5A53}.Debug|iPhone.Deploy.0 = Debug|Any CPU
		{23204D35-CC09-4EF7-8CFC-F9CBE39C5A53}.Debug|iPhoneSimulator.ActiveCfg = Debug|Any CPU
		{23204D35-CC09-4EF7-8CFC-F9CBE39C5A53}.Debug|iPhoneSimulator.Build.0 = Debug|Any CPU
		{23204D35-CC09-4EF7-8CFC-F9CBE39C5A53}.Debug|iPhoneSimulator.Deploy.0 = Debug|Any CPU
		{23204D35-CC09-4EF7-8CFC-F9CBE39C5A53}.Release|Any CPU.ActiveCfg = Release|Any CPU
		{23204D35-CC09-4EF7-8CFC-F9CBE39C5A53}.Release|Any CPU.Build.0 = Release|Any CPU
		{23204D35-CC09-4EF7-8CFC-F9CBE39C5A53}.Release|Any CPU.Deploy.0 = Release|Any CPU
		{23204D35-CC09-4EF7-8CFC-F9CBE39C5A53}.Release|iPhone.ActiveCfg = Release|Any CPU
		{23204D35-CC09-4EF7-8CFC-F9CBE39C5A53}.Release|iPhone.Build.0 = Release|Any CPU
		{23204D35-CC09-4EF7-8CFC-F9CBE39C5A53}.Release|iPhone.Deploy.0 = Release|Any CPU
		{23204D35-CC09-4EF7-8CFC-F9CBE39C5A53}.Release|iPhoneSimulator.ActiveCfg = Release|Any CPU
		{23204D35-CC09-4EF7-8CFC-F9CBE39C5A53}.Release|iPhoneSimulator.Build.0 = Release|Any CPU
		{23204D35-CC09-4EF7-8CFC-F9CBE39C5A53}.Release|iPhoneSimulator.Deploy.0 = Release|Any CPU
		{068C292C-6105-4FE4-B243-3C923D140681}.Debug|Any CPU.ActiveCfg = Debug|iPhone
		{068C292C-6105-4FE4-B243-3C923D140681}.Debug|Any CPU.Build.0 = Debug|iPhone
		{068C292C-6105-4FE4-B243-3C923D140681}.Debug|Any CPU.Deploy.0 = Debug|iPhone
		{068C292C-6105-4FE4-B243-3C923D140681}.Debug|iPhone.ActiveCfg = Debug|iPhone
		{068C292C-6105-4FE4-B243-3C923D140681}.Debug|iPhone.Build.0 = Debug|iPhone
		{068C292C-6105-4FE4-B243-3C923D140681}.Debug|iPhone.Deploy.0 = Debug|iPhone
		{068C292C-6105-4FE4-B243-3C923D140681}.Debug|iPhoneSimulator.ActiveCfg = Debug|iPhoneSimulator
		{068C292C-6105-4FE4-B243-3C923D140681}.Debug|iPhoneSimulator.Build.0 = Debug|iPhoneSimulator
		{068C292C-6105-4FE4-B243-3C923D140681}.Debug|iPhoneSimulator.Deploy.0 = Debug|iPhoneSimulator
		{068C292C-6105-4FE4-B243-3C923D140681}.Release|Any CPU.ActiveCfg = Release|iPhoneSimulator
		{068C292C-6105-4FE4-B243-3C923D140681}.Release|Any CPU.Build.0 = Release|iPhoneSimulator
		{068C292C-6105-4FE4-B243-3C923D140681}.Release|Any CPU.Deploy.0 = Release|iPhoneSimulator
		{068C292C-6105-4FE4-B243-3C923D140681}.Release|iPhone.ActiveCfg = Release|iPhone
		{068C292C-6105-4FE4-B243-3C923D140681}.Release|iPhone.Build.0 = Release|iPhone
		{068C292C-6105-4FE4-B243-3C923D140681}.Release|iPhone.Deploy.0 = Release|iPhone
		{068C292C-6105-4FE4-B243-3C923D140681}.Release|iPhoneSimulator.ActiveCfg = Release|iPhoneSimulator
		{068C292C-6105-4FE4-B243-3C923D140681}.Release|iPhoneSimulator.Build.0 = Release|iPhoneSimulator
		{068C292C-6105-4FE4-B243-3C923D140681}.Release|iPhoneSimulator.Deploy.0 = Release|iPhoneSimulator
		{A4752C52-FBB2-48B5-B792-2A591B9A74DC}.Debug|Any CPU.ActiveCfg = Debug|Any CPU
		{A4752C52-FBB2-48B5-B792-2A591B9A74DC}.Debug|Any CPU.Build.0 = Debug|Any CPU
		{A4752C52-FBB2-48B5-B792-2A591B9A74DC}.Debug|Any CPU.Deploy.0 = Debug|Any CPU
		{A4752C52-FBB2-48B5-B792-2A591B9A74DC}.Debug|iPhone.ActiveCfg = Debug|Any CPU
		{A4752C52-FBB2-48B5-B792-2A591B9A74DC}.Debug|iPhone.Build.0 = Debug|Any CPU
		{A4752C52-FBB2-48B5-B792-2A591B9A74DC}.Debug|iPhone.Deploy.0 = Debug|Any CPU
		{A4752C52-FBB2-48B5-B792-2A591B9A74DC}.Debug|iPhoneSimulator.ActiveCfg = Debug|Any CPU
		{A4752C52-FBB2-48B5-B792-2A591B9A74DC}.Debug|iPhoneSimulator.Build.0 = Debug|Any CPU
		{A4752C52-FBB2-48B5-B792-2A591B9A74DC}.Debug|iPhoneSimulator.Deploy.0 = Debug|Any CPU
		{A4752C52-FBB2-48B5-B792-2A591B9A74DC}.Release|Any CPU.ActiveCfg = Release|Any CPU
		{A4752C52-FBB2-48B5-B792-2A591B9A74DC}.Release|Any CPU.Build.0 = Release|Any CPU
		{A4752C52-FBB2-48B5-B792-2A591B9A74DC}.Release|Any CPU.Deploy.0 = Release|Any CPU
		{A4752C52-FBB2-48B5-B792-2A591B9A74DC}.Release|iPhone.ActiveCfg = Release|Any CPU
		{A4752C52-FBB2-48B5-B792-2A591B9A74DC}.Release|iPhone.Build.0 = Release|Any CPU
		{A4752C52-FBB2-48B5-B792-2A591B9A74DC}.Release|iPhone.Deploy.0 = Release|Any CPU
		{A4752C52-FBB2-48B5-B792-2A591B9A74DC}.Release|iPhoneSimulator.ActiveCfg = Release|Any CPU
		{A4752C52-FBB2-48B5-B792-2A591B9A74DC}.Release|iPhoneSimulator.Build.0 = Release|Any CPU
		{A4752C52-FBB2-48B5-B792-2A591B9A74DC}.Release|iPhoneSimulator.Deploy.0 = Release|Any CPU
	EndGlobalSection
	GlobalSection(SolutionProperties) = preSolution
		HideSolutionNode = FALSE
	EndGlobalSection
	GlobalSection(ExtensibilityGlobals) = postSolution
		SolutionGuid = {D7018699-892A-442E-AB1C-5504AE2E64C5}
	EndGlobalSection
EndGlobal
